<Solution>
    <Project Path="RestaurantReservation.API/RestaurantReservation.API.csproj" />
    <Project Path="RestaurantReservation.Console/RestaurantReservation.Console.csproj" />
    <Project Path="RestaurantReservation.Db/RestaurantReservation.Db.csproj" />
    <Project Path="RestaurantReservation.Tests/RestaurantReservation.Tests.csproj" />
</Solution>
